<?xml version="1.0" encoding="utf-8"?>
<Project ToolsVersion="4.0" xmlns="http://schemas.microsoft.com/developer/msbuild/2003">
  <ItemGroup>
    <Filter Include="Source Files">
      <UniqueIdentifier>{4FC737F1-C7A5-4376-A066-2A32D752A2FF}</UniqueIdentifier>
      <Extensions>c</Extensions>
    </Filter>
    <Filter Include="Header Files">
      <UniqueIdentifier>{93995380-89BD-4b04-88EB-625FBE52EBFB}</UniqueIdentifier>
      <Extensions>h</Extensions>
    </Filter>
  </ItemGroup>
  <ItemGroup>
    <ClCompile Include="src\ComponentManager.c">
      <Filter>Source Files</Filter>
    </ClCompile>
    <ClCompile Include="src\coordinator.c">
      <Filter>Source Files</Filter>
    </ClCompile>
    <ClCompile Include="src\debug_module.c">
      <Filter>Source Files</Filter>
    </ClCompile>
    <ClCompile Include="src\entity_manager.c">
      <Filter>Source Files</Filter>
    </ClCompile>
    <ClCompile Include="src\main.c">
      <Filter>Source Files</Filter>
    </ClCompile>
    <ClCompile Include="src\module.c">
      <Filter>Source Files</Filter>
    </ClCompile>
    <ClCompile Include="src\module_loader.c">
      <Filter>Source Files</Filter>
    </ClCompile>
    <ClCompile Include="src\physics_system.c">
      <Filter>Source Files</Filter>
    </ClCompile>
    <ClCompile Include="src\render3d_system.c">
      <Filter>Source Files</Filter>
    </ClCompile>
  </ItemGroup>
  <ItemGroup>
    <ClInclude Include="include\ComponentArray.h">
      <Filter>Header Files</Filter>
    </ClInclude>
    <ClInclude Include="include\ComponentManager.h">
      <Filter>Header Files</Filter>
    </ClInclude>
    <ClInclude Include="include\components.h">
      <Filter>Header Files</Filter>
    </ClInclude>
    <ClInclude Include="include\ComponentTypes.h">
      <Filter>Header Files</Filter>
    </ClInclude>
    <ClInclude Include="include\coordinator.h">
      <Filter>Header Files</Filter>
    </ClInclude>
    <ClInclude Include="include\debug_module.h">
      <Filter>Header Files</Filter>
    </ClInclude>
    <ClInclude Include="include\entity_manager.h">
      <Filter>Header Files</Filter>
    </ClInclude>
    <ClInclude Include="include\gravity_component.h">
      <Filter>Header Files</Filter>
    </ClInclude>
    <ClInclude Include="include\module.h">
      <Filter>Header Files</Filter>
    </ClInclude>
    <ClInclude Include="include\module_interface.h">
      <Filter>Header Files</Filter>
    </ClInclude>
    <ClInclude Include="include\module_loader.h">
      <Filter>Header Files</Filter>
    </ClInclude>
    <ClInclude Include="include\physics_component.h">
      <Filter>Header Files</Filter>
    </ClInclude>
    <ClInclude Include="include\physics_system.h">
      <Filter>Header Files</Filter>
    </ClInclude>
    <ClInclude Include="include\render3d_system.h">
      <Filter>Header Files</Filter>
    </ClInclude>
    <ClInclude Include="include\rigid_body_component.h">
      <Filter>Header Files</Filter>
    </ClInclude>
    <ClInclude Include="include\System.h">
      <Filter>Header Files</Filter>
    </ClInclude>
    <ClInclude Include="include\system_manager.h">
      <Filter>Header Files</Filter>
    </ClInclude>
    <ClInclude Include="include\TransformComponent.h">
      <Filter>Header Files</Filter>
    </ClInclude>
  </ItemGroup>
</Project>
